
Microsoft Visual Studio Solution File, Format Version 12.00
# Visual Studio 2012
Project("{FAE04EC0-301F-11D3-BF4B-00C04F79EFBC}") = "ManageShoes", "ManageShoes\ManageShoes.csproj", "{5FD50930-CA71-4A2E-A734-70BE8226FD3B}"
EndProject
Project("{6141683F-8A12-4E36-9623-2EB02B2C2303}") = "ManageShoesSetup", "ManageShoesSetup\ManageShoesSetup.isproj", "{9A8BB80F-CF8D-40EF-A364-DDE89AAB5A93}"
	ProjectSection(ProjectDependencies) = postProject
		{5FD50930-CA71-4A2E-A734-70BE8226FD3B} = {5FD50930-CA71-4A2E-A734-70BE8226FD3B}
	EndProjectSection
EndProject
Global
	GlobalSection(SolutionConfigurationPlatforms) = preSolution
		CD_ROM|Any CPU = CD_ROM|Any CPU
		Debug|Any CPU = Debug|Any CPU
		DVD-5|Any CPU = DVD-5|Any CPU
		Release|Any CPU = Release|Any CPU
		SingleImage|Any CPU = SingleImage|Any CPU
	EndGlobalSection
	GlobalSection(ProjectConfigurationPlatforms) = postSolution
		{5FD50930-CA71-4A2E-A734-70BE8226FD3B}.CD_ROM|Any CPU.ActiveCfg = Release|Any CPU
		{5FD50930-CA71-4A2E-A734-70BE8226FD3B}.CD_ROM|Any CPU.Build.0 = Release|Any CPU
		{5FD50930-CA71-4A2E-A734-70BE8226FD3B}.Debug|Any CPU.ActiveCfg = Debug|Any CPU
		{5FD50930-CA71-4A2E-A734-70BE8226FD3B}.Debug|Any CPU.Build.0 = Debug|Any CPU
		{5FD50930-CA71-4A2E-A734-70BE8226FD3B}.DVD-5|Any CPU.ActiveCfg = Debug|Any CPU
		{5FD50930-CA71-4A2E-A734-70BE8226FD3B}.DVD-5|Any CPU.Build.0 = Debug|Any CPU
		{5FD50930-CA71-4A2E-A734-70BE8226FD3B}.Release|Any CPU.ActiveCfg = Release|Any CPU
		{5FD50930-CA71-4A2E-A734-70BE8226FD3B}.Release|Any CPU.Build.0 = Release|Any CPU
		{5FD50930-CA71-4A2E-A734-70BE8226FD3B}.SingleImage|Any CPU.ActiveCfg = Release|Any CPU
		{5FD50930-CA71-4A2E-A734-70BE8226FD3B}.SingleImage|Any CPU.Build.0 = Release|Any CPU
		{9A8BB80F-CF8D-40EF-A364-DDE89AAB5A93}.CD_ROM|Any CPU.ActiveCfg = CD_ROM
		{9A8BB80F-CF8D-40EF-A364-DDE89AAB5A93}.CD_ROM|Any CPU.Build.0 = CD_ROM
		{9A8BB80F-CF8D-40EF-A364-DDE89AAB5A93}.Debug|Any CPU.ActiveCfg = DVD-5
		{9A8BB80F-CF8D-40EF-A364-DDE89AAB5A93}.Debug|Any CPU.Build.0 = DVD-5
		{9A8BB80F-CF8D-40EF-A364-DDE89AAB5A93}.DVD-5|Any CPU.ActiveCfg = DVD-5
		{9A8BB80F-CF8D-40EF-A364-DDE89AAB5A93}.DVD-5|Any CPU.Build.0 = DVD-5
		{9A8BB80F-CF8D-40EF-A364-DDE89AAB5A93}.Release|Any CPU.ActiveCfg = SingleImage
		{9A8BB80F-CF8D-40EF-A364-DDE89AAB5A93}.Release|Any CPU.Build.0 = SingleImage
		{9A8BB80F-CF8D-40EF-A364-DDE89AAB5A93}.SingleImage|Any CPU.ActiveCfg = SingleImage
		{9A8BB80F-CF8D-40EF-A364-DDE89AAB5A93}.SingleImage|Any CPU.Build.0 = SingleImage
	EndGlobalSection
	GlobalSection(SolutionProperties) = preSolution
		HideSolutionNode = FALSE
	EndGlobalSection
EndGlobal
